
Microsoft Visual Studio Solution File, Format Version 12.00
# Visual Studio 2013
VisualStudioVersion = 12.0.30110.0
MinimumVisualStudioVersion = 10.0.40219.1
Project("{FAE04EC0-301F-11D3-BF4B-00C04F79EFBC}") = "AiR.DataEntity", "AiR.DataEntity\AiR.DataEntity.csproj", "{76D7567D-D4CA-4C60-AC74-41CD3F85223B}"
EndProject
Project("{2150E333-8FDC-42A3-9474-1A3956D46DE8}") = "Solution Items", "Solution Items", "{65488F16-3B1A-4CFD-8FE0-D3D968962E43}"
	ProjectSection(SolutionItems) = preProject
		README.txt = README.txt
	EndProjectSection
EndProject
Project("{FAE04EC0-301F-11D3-BF4B-00C04F79EFBC}") = "AiR.DataEntity.Contract", "AiR.DataEntity.Contract\AiR.DataEntity.Contract.csproj", "{FB147FE7-37E8-485E-BA21-38A2C621D073}"
EndProject
Global
	GlobalSection(SolutionConfigurationPlatforms) = preSolution
		Debug|Any CPU = Debug|Any CPU
		Release|Any CPU = Release|Any CPU
	EndGlobalSection
	GlobalSection(ProjectConfigurationPlatforms) = postSolution
		{76D7567D-D4CA-4C60-AC74-41CD3F85223B}.Debug|Any CPU.ActiveCfg = Debug|Any CPU
		{76D7567D-D4CA-4C60-AC74-41CD3F85223B}.Debug|Any CPU.Build.0 = Debug|Any CPU
		{76D7567D-D4CA-4C60-AC74-41CD3F85223B}.Release|Any CPU.ActiveCfg = Release|Any CPU
		{76D7567D-D4CA-4C60-AC74-41CD3F85223B}.Release|Any CPU.Build.0 = Release|Any CPU
		{FB147FE7-37E8-485E-BA21-38A2C621D073}.Debug|Any CPU.ActiveCfg = Debug|Any CPU
		{FB147FE7-37E8-485E-BA21-38A2C621D073}.Debug|Any CPU.Build.0 = Debug|Any CPU
		{FB147FE7-37E8-485E-BA21-38A2C621D073}.Release|Any CPU.ActiveCfg = Release|Any CPU
		{FB147FE7-37E8-485E-BA21-38A2C621D073}.Release|Any CPU.Build.0 = Release|Any CPU
	EndGlobalSection
	GlobalSection(SolutionProperties) = preSolution
		HideSolutionNode = FALSE
	EndGlobalSection
EndGlobal
